
Microsoft Visual Studio Solution File, Format Version 12.00
# Visual Studio Version 16
VisualStudioVersion = 16.0.29503.13
MinimumVisualStudioVersion = 10.0.40219.1
Project("{FAE04EC0-301F-11D3-BF4B-00C04F79EFBC}") = "Location", "Location.csproj", "{C6B24B2E-F68B-44C1-8B05-DFB55EA2E492}"
EndProject
Global
	GlobalSection(SolutionConfigurationPlatforms) = preSolution
		Debug|Any CPU = Debug|Any CPU
		Release|Any CPU = Release|Any CPU
	EndGlobalSection
	GlobalSection(ProjectConfigurationPlatforms) = postSolution
		{C6B24B2E-F68B-44C1-8B05-DFB55EA2E492}.Debug|Any CPU.ActiveCfg = Debug|Any CPU
		{C6B24B2E-F68B-44C1-8B05-DFB55EA2E492}.Debug|Any CPU.Build.0 = Debug|Any CPU
		{C6B24B2E-F68B-44C1-8B05-DFB55EA2E492}.Release|Any CPU.ActiveCfg = Release|Any CPU
		{C6B24B2E-F68B-44C1-8B05-DFB55EA2E492}.Release|Any CPU.Build.0 = Release|Any CPU
	EndGlobalSection
	GlobalSection(SolutionProperties) = preSolution
		HideSolutionNode = FALSE
	EndGlobalSection
	GlobalSection(ExtensibilityGlobals) = postSolution
		SolutionGuid = {69B6B1F7-E3BF-4549-9DF0-335BDEDF6E04}
	EndGlobalSection
EndGlobal
